
Microsoft Visual Studio Solution File, Format Version 12.00
# Visual Studio Version 16
VisualStudioVersion = 16.0.31911.196
MinimumVisualStudioVersion = 10.0.40219.1
Project("{B7DD6F7E-DEF8-4E67-B5B7-07EF123DB6F0}") = "PrintheadMaintainerInstaller", "PrintheadMaintainerInstaller.wixproj", "{6FACEDDA-0BCF-4440-90CA-53B0584F6448}"
EndProject
Global
	GlobalSection(SolutionConfigurationPlatforms) = preSolution
		Debug|x64 = Debug|x64
		Release|x64 = Release|x64
	EndGlobalSection
	GlobalSection(ProjectConfigurationPlatforms) = postSolution
		{6FACEDDA-0BCF-4440-90CA-53B0584F6448}.Debug|x64.ActiveCfg = Debug|x64
		{6FACEDDA-0BCF-4440-90CA-53B0584F6448}.Debug|x64.Build.0 = Debug|x64
		{6FACEDDA-0BCF-4440-90CA-53B0584F6448}.Release|x64.ActiveCfg = Release|x64
		{6FACEDDA-0BCF-4440-90CA-53B0584F6448}.Release|x64.Build.0 = Release|x64
	EndGlobalSection
	GlobalSection(SolutionProperties) = preSolution
		HideSolutionNode = FALSE
	EndGlobalSection
	GlobalSection(ExtensibilityGlobals) = postSolution
		SolutionGuid = {B13178FE-32A4-437D-8783-1AF0462F02ED}
	EndGlobalSection
EndGlobal
